// !$*UTF8*$!
{
	archiveVersion = 1;
	classes = {
	};
	objectVersion = 46;
	objects = {

/* Begin PBXBuildFile section */
		9F8CE89B1CEF686F00BD5AEF /* AppDelegate.swift in Sources */ = {isa = PBXBuildFile; fileRef = 9F8CE89A1CEF686F00BD5AEF /* AppDelegate.swift */; };
		9F8CE89D1CEF686F00BD5AEF /* ViewController.swift in Sources */ = {isa = PBXBuildFile; fileRef = 9F8CE89C1CEF686F00BD5AEF /* ViewController.swift */; };
		9F8CE8A01CEF686F00BD5AEF /* Main.storyboard in Resources */ = {isa = PBXBuildFile; fileRef = 9F8CE89E1CEF686F00BD5AEF /* Main.storyboard */; };
		9F8CE8A21CEF686F00BD5AEF /* Assets.xcassets in Resources */ = {isa = PBXBuildFile; fileRef = 9F8CE8A11CEF686F00BD5AEF /* Assets.xcassets */; };
		9F8CE8A51CEF686F00BD5AEF /* LaunchScreen.storyboard in Resources */ = {isa = PBXBuildFile; fileRef = 9F8CE8A31CEF686F00BD5AEF /* LaunchScreen.storyboard */; };
		9F8CE8AD1CEF70CB00BD5AEF /* CreateAccountRootViewController.swift in Sources */ = {isa = PBXBuildFile; fileRef = 9F8CE8AC1CEF70CB00BD5AEF /* CreateAccountRootViewController.swift */; };
		9F8CE8AF1CEF70DE00BD5AEF /* SignInRootViewController.swift in Sources */ = {isa = PBXBuildFile; fileRef = 9F8CE8AE1CEF70DE00BD5AEF /* SignInRootViewController.swift */; };
		9F8CE8B11CEF754B00BD5AEF /* CreateAccountViewController.swift in Sources */ = {isa = PBXBuildFile; fileRef = 9F8CE8B01CEF754B00BD5AEF /* CreateAccountViewController.swift */; };
		9F8CE8B31CEF755400BD5AEF /* SignInViewController.swift in Sources */ = {isa = PBXBuildFile; fileRef = 9F8CE8B21CEF755400BD5AEF /* SignInViewController.swift */; };
		9F8CE8B51CEF78AE00BD5AEF /* TermsOfServiceViewController.swift in Sources */ = {isa = PBXBuildFile; fileRef = 9F8CE8B41CEF78AE00BD5AEF /* TermsOfServiceViewController.swift */; };
		9F8CE8B71CEF7DF700BD5AEF /* SettingsViewController.swift in Sources */ = {isa = PBXBuildFile; fileRef = 9F8CE8B61CEF7DF700BD5AEF /* SettingsViewController.swift */; };
		9F8CE8B91CEF87F600BD5AEF /* ExistingPhotosViewController.swift in Sources */ = {isa = PBXBuildFile; fileRef = 9F8CE8B81CEF87F600BD5AEF /* ExistingPhotosViewController.swift */; };
		9F8CE8BD1CEF975E00BD5AEF /* GettingStartedViewController.swift in Sources */ = {isa = PBXBuildFile; fileRef = 9F8CE8BC1CEF975E00BD5AEF /* GettingStartedViewController.swift */; };
		9F8CE8C11CEF9D6500BD5AEF /* WelcomeViewController.swift in Sources */ = {isa = PBXBuildFile; fileRef = 9F8CE8C01CEF9D6500BD5AEF /* WelcomeViewController.swift */; };
/* End PBXBuildFile section */

/* Begin PBXFileReference section */
		9F8CE8971CEF686F00BD5AEF /* Dropbox.app */ = {isa = PBXFileReference; explicitFileType = wrapper.application; includeInIndex = 0; path = Dropbox.app; sourceTree = BUILT_PRODUCTS_DIR; };
		9F8CE89A1CEF686F00BD5AEF /* AppDelegate.swift */ = {isa = PBXFileReference; lastKnownFileType = sourcecode.swift; path = AppDelegate.swift; sourceTree = "<group>"; };
		9F8CE89C1CEF686F00BD5AEF /* ViewController.swift */ = {isa = PBXFileReference; lastKnownFileType = sourcecode.swift; path = ViewController.swift; sourceTree = "<group>"; };
		9F8CE89F1CEF686F00BD5AEF /* Base */ = {isa = PBXFileReference; lastKnownFileType = file.storyboard; name = Base; path = Base.lproj/Main.storyboard; sourceTree = "<group>"; };
		9F8CE8A11CEF686F00BD5AEF /* Assets.xcassets */ = {isa = PBXFileReference; lastKnownFileType = folder.assetcatalog; path = Assets.xcassets; sourceTree = "<group>"; };
		9F8CE8A41CEF686F00BD5AEF /* Base */ = {isa = PBXFileReference; lastKnownFileType = file.storyboard; name = Base; path = Base.lproj/LaunchScreen.storyboard; sourceTree = "<group>"; };
		9F8CE8A61CEF686F00BD5AEF /* Info.plist */ = {isa = PBXFileReference; lastKnownFileType = text.plist.xml; path = Info.plist; sourceTree = "<group>"; };
		9F8CE8AC1CEF70CB00BD5AEF /* CreateAccountRootViewController.swift */ = {isa = PBXFileReference; fileEncoding = 4; lastKnownFileType = sourcecode.swift; path = CreateAccountRootViewController.swift; sourceTree = "<group>"; };
		9F8CE8AE1CEF70DE00BD5AEF /* SignInRootViewController.swift */ = {isa = PBXFileReference; fileEncoding = 4; lastKnownFileType = sourcecode.swift; path = SignInRootViewController.swift; sourceTree = "<group>"; };
		9F8CE8B01CEF754B00BD5AEF /* CreateAccountViewController.swift */ = {isa = PBXFileReference; fileEncoding = 4; lastKnownFileType = sourcecode.swift; path = CreateAccountViewController.swift; sourceTree = "<group>"; };
		9F8CE8B21CEF755400BD5AEF /* SignInViewController.swift */ = {isa = PBXFileReference; fileEncoding = 4; lastKnownFileType = sourcecode.swift; path = SignInViewController.swift; sourceTree = "<group>"; };
		9F8CE8B41CEF78AE00BD5AEF /* TermsOfServiceViewController.swift */ = {isa = PBXFileReference; fileEncoding = 4; lastKnownFileType = sourcecode.swift; path = TermsOfServiceViewController.swift; sourceTree = "<group>"; };
		9F8CE8B61CEF7DF700BD5AEF /* SettingsViewController.swift */ = {isa = PBXFileReference; fileEncoding = 4; lastKnownFileType = sourcecode.swift; path = SettingsViewController.swift; sourceTree = "<group>"; };
		9F8CE8B81CEF87F600BD5AEF /* ExistingPhotosViewController.swift */ = {isa = PBXFileReference; fileEncoding = 4; lastKnownFileType = sourcecode.swift; path = ExistingPhotosViewController.swift; sourceTree = "<group>"; };
		9F8CE8BC1CEF975E00BD5AEF /* GettingStartedViewController.swift */ = {isa = PBXFileReference; fileEncoding = 4; lastKnownFileType = sourcecode.swift; name = GettingStartedViewController.swift; path = ../GettingStartedViewController.swift; sourceTree = "<group>"; };
		9F8CE8C01CEF9D6500BD5AEF /* WelcomeViewController.swift */ = {isa = PBXFileReference; fileEncoding = 4; lastKnownFileType = sourcecode.swift; name = WelcomeViewController.swift; path = ../WelcomeViewController.swift; sourceTree = "<group>"; };
/* End PBXFileReference section */

/* Begin PBXFrameworksBuildPhase section */
		9F8CE8941CEF686F00BD5AEF /* Frameworks */ = {
			isa = PBXFrameworksBuildPhase;
			buildActionMask = 2147483647;
			files = (
			);
			runOnlyForDeploymentPostprocessing = 0;
		};
/* End PBXFrameworksBuildPhase section */

/* Begin PBXGroup section */
		9F8CE88E1CEF686F00BD5AEF = {
			isa = PBXGroup;
			children = (
				9F8CE8991CEF686F00BD5AEF /* Dropbox */,
				9F8CE8981CEF686F00BD5AEF /* Products */,
			);
			sourceTree = "<group>";
		};
		9F8CE8981CEF686F00BD5AEF /* Products */ = {
			isa = PBXGroup;
			children = (
				9F8CE8971CEF686F00BD5AEF /* Dropbox.app */,
			);
			name = Products;
			sourceTree = "<group>";
		};
		9F8CE8991CEF686F00BD5AEF /* Dropbox */ = {
			isa = PBXGroup;
			children = (
				9F8CE8C01CEF9D6500BD5AEF /* WelcomeViewController.swift */,
				9F8CE8BC1CEF975E00BD5AEF /* GettingStartedViewController.swift */,
				9F8CE89A1CEF686F00BD5AEF /* AppDelegate.swift */,
				9F8CE89C1CEF686F00BD5AEF /* ViewController.swift */,
				9F8CE89E1CEF686F00BD5AEF /* Main.storyboard */,
				9F8CE8B81CEF87F600BD5AEF /* ExistingPhotosViewController.swift */,
				9F8CE8B61CEF7DF700BD5AEF /* SettingsViewController.swift */,
				9F8CE8B41CEF78AE00BD5AEF /* TermsOfServiceViewController.swift */,
				9F8CE8B01CEF754B00BD5AEF /* CreateAccountViewController.swift */,
				9F8CE8B21CEF755400BD5AEF /* SignInViewController.swift */,
				9F8CE8AC1CEF70CB00BD5AEF /* CreateAccountRootViewController.swift */,
				9F8CE8AE1CEF70DE00BD5AEF /* SignInRootViewController.swift */,
				9F8CE8A11CEF686F00BD5AEF /* Assets.xcassets */,
				9F8CE8A31CEF686F00BD5AEF /* LaunchScreen.storyboard */,
				9F8CE8A61CEF686F00BD5AEF /* Info.plist */,
			);
			path = Dropbox;
			sourceTree = "<group>";
		};
/* End PBXGroup section */

/* Begin PBXNativeTarget section */
		9F8CE8961CEF686F00BD5AEF /* Dropbox */ = {
			isa = PBXNativeTarget;
			buildConfigurationList = 9F8CE8A91CEF686F00BD5AEF /* Build configuration list for PBXNativeTarget "Dropbox" */;
			buildPhases = (
				9F8CE8931CEF686F00BD5AEF /* Sources */,
				9F8CE8941CEF686F00BD5AEF /* Frameworks */,
				9F8CE8951CEF686F00BD5AEF /* Resources */,
			);
			buildRules = (
			);
			dependencies = (
			);
			name = Dropbox;
			productName = Dropbox;
			productReference = 9F8CE8971CEF686F00BD5AEF /* Dropbox.app */;
			productType = "com.apple.product-type.application";
		};
/* End PBXNativeTarget section */

/* Begin PBXProject section */
		9F8CE88F1CEF686F00BD5AEF /* Project object */ = {
			isa = PBXProject;
			attributes = {
				LastSwiftUpdateCheck = 0720;
				LastUpgradeCheck = 0720;
				ORGANIZATIONNAME = "Alexandra Saunders";
				TargetAttributes = {
					9F8CE8961CEF686F00BD5AEF = {
						CreatedOnToolsVersion = 7.2.1;
						DevelopmentTeam = YPY4UFVRHH;
					};
				};
			};
			buildConfigurationList = 9F8CE8921CEF686F00BD5AEF /* Build configuration list for PBXProject "Dropbox" */;
			compatibilityVersion = "Xcode 3.2";
			developmentRegion = English;
			hasScannedForEncodings = 0;
			knownRegions = (
				en,
				Base,
			);
			mainGroup = 9F8CE88E1CEF686F00BD5AEF;
			productRefGroup = 9F8CE8981CEF686F00BD5AEF /* Products */;
			projectDirPath = "";
			projectRoot = "";
			targets = (
				9F8CE8961CEF686F00BD5AEF /* Dropbox */,
			);
		};
/* End PBXProject section */

/* Begin PBXResourcesBuildPhase section */
		9F8CE8951CEF686F00BD5AEF /* Resources */ = {
			isa = PBXResourcesBuildPhase;
			buildActionMask = 2147483647;
			files = (
				9F8CE8A51CEF686F00BD5AEF /* LaunchScreen.storyboard in Resources */,
				9F8CE8A21CEF686F00BD5AEF /* Assets.xcassets in Resources */,
				9F8CE8A01CEF686F00BD5AEF /* Main.storyboard in Resources */,
			);
			runOnlyForDeploymentPostprocessing = 0;
		};
/* End PBXResourcesBuildPhase section */

/* Begin PBXSourcesBuildPhase section */
		9F8CE8931CEF686F00BD5AEF /* Sources */ = {
			isa = PBXSourcesBuildPhase;
			buildActionMask = 2147483647;
			files = (
				9F8CE8B11CEF754B00BD5AEF /* CreateAccountViewController.swift in Sources */,
				9F8CE8AF1CEF70DE00BD5AEF /* SignInRootViewController.swift in Sources */,
				9F8CE8C11CEF9D6500BD5AEF /* WelcomeViewController.swift in Sources */,
				9F8CE8B31CEF755400BD5AEF /* SignInViewController.swift in Sources */,
				9F8CE8B91CEF87F600BD5AEF /* ExistingPhotosViewController.swift in Sources */,
				9F8CE8AD1CEF70CB00BD5AEF /* CreateAccountRootViewController.swift in Sources */,
				9F8CE8B51CEF78AE00BD5AEF /* TermsOfServiceViewController.swift in Sources */,
				9F8CE89D1CEF686F00BD5AEF /* ViewController.swift in Sources */,
				9F8CE8BD1CEF975E00BD5AEF /* GettingStartedViewController.swift in Sources */,
				9F8CE89B1CEF686F00BD5AEF /* AppDelegate.swift in Sources */,
				9F8CE8B71CEF7DF700BD5AEF /* SettingsViewController.swift in Sources */,
			);
			runOnlyForDeploymentPostprocessing = 0;
		};
/* End PBXSourcesBuildPhase section */

/* Begin PBXVariantGroup section */
		9F8CE89E1CEF686F00BD5AEF /* Main.storyboard */ = {
			isa = PBXVariantGroup;
			children = (
				9F8CE89F1CEF686F00BD5AEF /* Base */,
			);
			name = Main.storyboard;
			sourceTree = "<group>";
		};
		9F8CE8A31CEF686F00BD5AEF /* LaunchScreen.storyboard */ = {
			isa = PBXVariantGroup;
			children = (
				9F8CE8A41CEF686F00BD5AEF /* Base */,
			);
			name = LaunchScreen.storyboard;
			sourceTree = "<group>";
		};
/* End PBXVariantGroup section */

/* Begin XCBuildConfiguration section */
		9F8CE8A71CEF686F00BD5AEF /* Debug */ = {
			isa = XCBuildConfiguration;
			buildSettings = {
				ALWAYS_SEARCH_USER_PATHS = NO;
				CLANG_CXX_LANGUAGE_STANDARD = "gnu++0x";
				CLANG_CXX_LIBRARY = "libc++";
				CLANG_ENABLE_MODULES = YES;
				CLANG_ENABLE_OBJC_ARC = YES;
				CLANG_WARN_BOOL_CONVERSION = YES;
				CLANG_WARN_CONSTANT_CONVERSION = YES;
				CLANG_WARN_DIRECT_OBJC_ISA_USAGE = YES_ERROR;
				CLANG_WARN_EMPTY_BODY = YES;
				CLANG_WARN_ENUM_CONVERSION = YES;
				CLANG_WARN_INT_CONVERSION = YES;
				CLANG_WARN_OBJC_ROOT_CLASS = YES_ERROR;
				CLANG_WARN_UNREACHABLE_CODE = YES;
				CLANG_WARN__DUPLICATE_METHOD_MATCH = YES;
				"CODE_SIGN_IDENTITY[sdk=iphoneos*]" = "iPhone Developer";
				COPY_PHASE_STRIP = NO;
				DEBUG_INFORMATION_FORMAT = dwarf;
				ENABLE_STRICT_OBJC_MSGSEND = YES;
				ENABLE_TESTABILITY = YES;
				GCC_C_LANGUAGE_STANDARD = gnu99;
				GCC_DYNAMIC_NO_PIC = NO;
				GCC_NO_COMMON_BLOCKS = YES;
				GCC_OPTIMIZATION_LEVEL = 0;
				GCC_PREPROCESSOR_DEFINITIONS = (
					"DEBUG=1",
					"$(inherited)",
				);
				GCC_WARN_64_TO_32_BIT_CONVERSION = YES;
				GCC_WARN_ABOUT_RETURN_TYPE = YES_ERROR;
				GCC_WARN_UNDECLARED_SELECTOR = YES;
				GCC_WARN_UNINITIALIZED_AUTOS = YES_AGGRESSIVE;
				GCC_WARN_UNUSED_FUNCTION = YES;
				GCC_WARN_UNUSED_VARIABLE = YES;
				IPHONEOS_DEPLOYMENT_TARGET = 9.2;
				MTL_ENABLE_DEBUG_INFO = YES;
				ONLY_ACTIVE_ARCH = YES;
				SDKROOT = iphoneos;
				SWIFT_OPTIMIZATION_LEVEL = "-Onone";
			};
			name = Debug;
		};
		9F8CE8A81CEF686F00BD5AEF /* Release */ = {
			isa = XCBuildConfiguration;
			buildSettings = {
				ALWAYS_SEARCH_USER_PATHS = NO;
				CLANG_CXX_LANGUAGE_STANDARD = "gnu++0x";
				CLANG_CXX_LIBRARY = "libc++";
				CLANG_ENABLE_MODULES = YES;
				CLANG_ENABLE_OBJC_ARC = YES;
				CLANG_WARN_BOOL_CONVERSION = YES;
				CLANG_WARN_CONSTANT_CONVERSION = YES;
				CLANG_WARN_DIRECT_OBJC_ISA_USAGE = YES_ERROR;
				CLANG_WARN_EMPTY_BODY = YES;
				CLANG_WARN_ENUM_CONVERSION = YES;
				CLANG_WARN_INT_CONVERSION = YES;
				CLANG_WARN_OBJC_ROOT_CLASS = YES_ERROR;
				CLANG_WARN_UNREACHABLE_CODE = YES;
				CLANG_WARN__DUPLICATE_METHOD_MATCH = YES;
				"CODE_SIGN_IDENTITY[sdk=iphoneos*]" = "iPhone Developer";
				COPY_PHASE_STRIP = NO;
				DEBUG_INFORMATION_FORMAT = "dwarf-with-dsym";
				ENABLE_NS_ASSERTIONS = NO;
				ENABLE_STRICT_OBJC_MSGSEND = YES;
				GCC_C_LANGUAGE_STANDARD = gnu99;
				GCC_NO_COMMON_BLOCKS = YES;
				GCC_WARN_64_TO_32_BIT_CONVERSION = YES;
				GCC_WARN_ABOUT_RETURN_TYPE = YES_ERROR;
				GCC_WARN_UNDECLARED_SELECTOR = YES;
				GCC_WARN_UNINITIALIZED_AUTOS = YES_AGGRESSIVE;
				GCC_WARN_UNUSED_FUNCTION = YES;
				GCC_WARN_UNUSED_VARIABLE = YES;
				IPHONEOS_DEPLOYMENT_TARGET = 9.2;
				MTL_ENABLE_DEBUG_INFO = NO;
				SDKROOT = iphoneos;
				VALIDATE_PRODUCT = YES;
			};
			name = Release;
		};
		9F8CE8AA1CEF686F00BD5AEF /* Debug */ = {
			isa = XCBuildConfiguration;
			buildSettings = {
				ASSETCATALOG_COMPILER_APPICON_NAME = AppIcon;
				INFOPLIST_FILE = Dropbox/Info.plist;
				LD_RUNPATH_SEARCH_PATHS = "$(inherited) @executable_path/Frameworks";
				PRODUCT_BUNDLE_IDENTIFIER = com.example.Dropbox;
				PRODUCT_NAME = "$(TARGET_NAME)";
			};
			name = Debug;
		};
		9F8CE8AB1CEF686F00BD5AEF /* Release */ = {
			isa = XCBuildConfiguration;
			buildSettings = {
				ASSETCATALOG_COMPILER_APPICON_NAME = AppIcon;
				INFOPLIST_FILE = Dropbox/Info.plist;
				LD_RUNPATH_SEARCH_PATHS = "$(inherited) @executable_path/Frameworks";
				PRODUCT_BUNDLE_IDENTIFIER = com.example.Dropbox;
				PRODUCT_NAME = "$(TARGET_NAME)";
			};
			name = Release;
		};
/* End XCBuildConfiguration section */

/* Begin XCConfigurationList section */
		9F8CE8921CEF686F00BD5AEF /* Build configuration list for PBXProject "Dropbox" */ = {
			isa = XCConfigurationList;
			buildConfigurations = (
				9F8CE8A71CEF686F00BD5AEF /* Debug */,
				9F8CE8A81CEF686F00BD5AEF /* Release */,
			);
			defaultConfigurationIsVisible = 0;
			defaultConfigurationName = Release;
		};
		9F8CE8A91CEF686F00BD5AEF /* Build configuration list for PBXNativeTarget "Dropbox" */ = {
			isa = XCConfigurationList;
			buildConfigurations = (
				9F8CE8AA1CEF686F00BD5AEF /* Debug */,
				9F8CE8AB1CEF686F00BD5AEF /* Release */,
			);
			defaultConfigurationIsVisible = 0;
		};
/* End XCConfigurationList section */
	};
	rootObject = 9F8CE88F1CEF686F00BD5AEF /* Project object */;
}
